
Microsoft Visual Studio Solution File, Format Version 12.00
# Visual Studio 15
VisualStudioVersion = 15.0.28010.2048
MinimumVisualStudioVersion = 10.0.40219.1
Project("{FAE04EC0-301F-11D3-BF4B-00C04F79EFBC}") = "Marco.Caching.Example.API", "Marco.Caching.Example.API\Marco.Caching.Example.API.csproj", "{B4866D94-3684-4E0A-A9C3-9AFF9E57174C}"
EndProject
Global
	GlobalSection(SolutionConfigurationPlatforms) = preSolution
		Debug|Any CPU = Debug|Any CPU
		Release|Any CPU = Release|Any CPU
	EndGlobalSection
	GlobalSection(ProjectConfigurationPlatforms) = postSolution
		{B4866D94-3684-4E0A-A9C3-9AFF9E57174C}.Debug|Any CPU.ActiveCfg = Debug|Any CPU
		{B4866D94-3684-4E0A-A9C3-9AFF9E57174C}.Debug|Any CPU.Build.0 = Debug|Any CPU
		{B4866D94-3684-4E0A-A9C3-9AFF9E57174C}.Release|Any CPU.ActiveCfg = Release|Any CPU
		{B4866D94-3684-4E0A-A9C3-9AFF9E57174C}.Release|Any CPU.Build.0 = Release|Any CPU
	EndGlobalSection
	GlobalSection(SolutionProperties) = preSolution
		HideSolutionNode = FALSE
	EndGlobalSection
	GlobalSection(ExtensibilityGlobals) = postSolution
		SolutionGuid = {EEBF3C5F-C784-41CF-941D-2DEFC515D191}
	EndGlobalSection
EndGlobal
